
Microsoft Visual Studio Solution File, Format Version 12.00
# Visual Studio Version 16
VisualStudioVersion = 16.0.31613.86
MinimumVisualStudioVersion = 10.0.40219.1
Project("{FAE04EC0-301F-11D3-BF4B-00C04F79EFBC}") = "FiltroImagen", "FiltroImagen\FiltroImagen.csproj", "{082DB5E5-0197-4599-BDA2-396A290746A1}"
EndProject
Project("{54435603-DBB4-11D2-8724-00A0C9A8B90C}") = "Setup", "Setup\Setup.vdproj", "{DC1B1EE4-090A-47E6-BCEA-262FA74DECA6}"
EndProject
Global
	GlobalSection(SolutionConfigurationPlatforms) = preSolution
		Debug|Any CPU = Debug|Any CPU
		Release|Any CPU = Release|Any CPU
	EndGlobalSection
	GlobalSection(ProjectConfigurationPlatforms) = postSolution
		{082DB5E5-0197-4599-BDA2-396A290746A1}.Debug|Any CPU.ActiveCfg = Release|Any CPU
		{082DB5E5-0197-4599-BDA2-396A290746A1}.Debug|Any CPU.Build.0 = Release|Any CPU
		{082DB5E5-0197-4599-BDA2-396A290746A1}.Release|Any CPU.ActiveCfg = Release|Any CPU
		{082DB5E5-0197-4599-BDA2-396A290746A1}.Release|Any CPU.Build.0 = Release|Any CPU
		{DC1B1EE4-090A-47E6-BCEA-262FA74DECA6}.Debug|Any CPU.ActiveCfg = Debug
		{DC1B1EE4-090A-47E6-BCEA-262FA74DECA6}.Release|Any CPU.ActiveCfg = Release
	EndGlobalSection
	GlobalSection(SolutionProperties) = preSolution
		HideSolutionNode = FALSE
	EndGlobalSection
	GlobalSection(ExtensibilityGlobals) = postSolution
		SolutionGuid = {A44A578C-17CE-40C3-8713-DCF8C940732F}
	EndGlobalSection
EndGlobal
